
Microsoft Visual Studio Solution File, Format Version 12.00
# Visual Studio Version 17
VisualStudioVersion = 17.9.34622.214
MinimumVisualStudioVersion = 10.0.40219.1
Project("{FAE04EC0-301F-11D3-BF4B-00C04F79EFBC}") = "WinForms.Inventory", "WinForms.Inventory\WinForms.Inventory.csproj", "{32FB508B-C170-4752-BF6F-0A52C521C9BA}"
EndProject
Global
	GlobalSection(SolutionConfigurationPlatforms) = preSolution
		Debug|Any CPU = Debug|Any CPU
		Release|Any CPU = Release|Any CPU
	EndGlobalSection
	GlobalSection(ProjectConfigurationPlatforms) = postSolution
		{32FB508B-C170-4752-BF6F-0A52C521C9BA}.Debug|Any CPU.ActiveCfg = Debug|Any CPU
		{32FB508B-C170-4752-BF6F-0A52C521C9BA}.Debug|Any CPU.Build.0 = Debug|Any CPU
		{32FB508B-C170-4752-BF6F-0A52C521C9BA}.Release|Any CPU.ActiveCfg = Release|Any CPU
		{32FB508B-C170-4752-BF6F-0A52C521C9BA}.Release|Any CPU.Build.0 = Release|Any CPU
	EndGlobalSection
	GlobalSection(SolutionProperties) = preSolution
		HideSolutionNode = FALSE
	EndGlobalSection
	GlobalSection(ExtensibilityGlobals) = postSolution
		SolutionGuid = {09432EA2-10F7-45BD-90FE-0C775926C2E4}
	EndGlobalSection
EndGlobal
